
Microsoft Visual Studio Solution File, Format Version 12.00
# Visual Studio 14
VisualStudioVersion = 14.0.24720.0
MinimumVisualStudioVersion = 10.0.40219.1
Project("{FAE04EC0-301F-11D3-BF4B-00C04F79EFBC}") = "BitcoinTransactionGraphGenerator", "BitcoinTransactionGraphGenerator\BitcoinTransactionGraphGenerator.csproj", "{D64415E2-8642-4084-A452-B1B19150B8C9}"
EndProject
Global
	GlobalSection(SolutionConfigurationPlatforms) = preSolution
		Debug|Any CPU = Debug|Any CPU
		Release|Any CPU = Release|Any CPU
	EndGlobalSection
	GlobalSection(ProjectConfigurationPlatforms) = postSolution
		{D64415E2-8642-4084-A452-B1B19150B8C9}.Debug|Any CPU.ActiveCfg = Debug|Any CPU
		{D64415E2-8642-4084-A452-B1B19150B8C9}.Debug|Any CPU.Build.0 = Debug|Any CPU
		{D64415E2-8642-4084-A452-B1B19150B8C9}.Release|Any CPU.ActiveCfg = Release|Any CPU
		{D64415E2-8642-4084-A452-B1B19150B8C9}.Release|Any CPU.Build.0 = Release|Any CPU
	EndGlobalSection
	GlobalSection(SolutionProperties) = preSolution
		HideSolutionNode = FALSE
	EndGlobalSection
EndGlobal
